
Microsoft Visual Studio Solution File, Format Version 12.00
# Visual Studio 15
VisualStudioVersion = 15.0.28307.329
MinimumVisualStudioVersion = 10.0.40219.1
Project("{FAE04EC0-301F-11D3-BF4B-00C04F79EFBC}") = "RestWithASPNETUdemy", "RestWithASPNETUdemy\RestWithASPNETUdemy.csproj", "{D13E9706-8B34-488D-82F6-6204FBCBC63C}"
EndProject
Global
	GlobalSection(SolutionConfigurationPlatforms) = preSolution
		Debug|Any CPU = Debug|Any CPU
		Release|Any CPU = Release|Any CPU
	EndGlobalSection
	GlobalSection(ProjectConfigurationPlatforms) = postSolution
		{D13E9706-8B34-488D-82F6-6204FBCBC63C}.Debug|Any CPU.ActiveCfg = Debug|Any CPU
		{D13E9706-8B34-488D-82F6-6204FBCBC63C}.Debug|Any CPU.Build.0 = Debug|Any CPU
		{D13E9706-8B34-488D-82F6-6204FBCBC63C}.Release|Any CPU.ActiveCfg = Release|Any CPU
		{D13E9706-8B34-488D-82F6-6204FBCBC63C}.Release|Any CPU.Build.0 = Release|Any CPU
	EndGlobalSection
	GlobalSection(SolutionProperties) = preSolution
		HideSolutionNode = FALSE
	EndGlobalSection
	GlobalSection(ExtensibilityGlobals) = postSolution
		SolutionGuid = {A64B01AE-D687-44D9-AA38-2CE6A3DD414A}
	EndGlobalSection
EndGlobal
